
Microsoft Visual Studio Solution File, Format Version 12.00
# Visual Studio Version 16
VisualStudioVersion = 16.0.31729.503
MinimumVisualStudioVersion = 10.0.40219.1
Project("{FAE04EC0-301F-11D3-BF4B-00C04F79EFBC}") = "Тестирование", "Тестирование\Тестирование.csproj", "{7FD208E9-2DC1-463A-B31D-477821CDD223}"
EndProject
Global
	GlobalSection(SolutionConfigurationPlatforms) = preSolution
		Debug|Any CPU = Debug|Any CPU
		Release|Any CPU = Release|Any CPU
	EndGlobalSection
	GlobalSection(ProjectConfigurationPlatforms) = postSolution
		{7FD208E9-2DC1-463A-B31D-477821CDD223}.Debug|Any CPU.ActiveCfg = Debug|Any CPU
		{7FD208E9-2DC1-463A-B31D-477821CDD223}.Debug|Any CPU.Build.0 = Debug|Any CPU
		{7FD208E9-2DC1-463A-B31D-477821CDD223}.Release|Any CPU.ActiveCfg = Release|Any CPU
		{7FD208E9-2DC1-463A-B31D-477821CDD223}.Release|Any CPU.Build.0 = Release|Any CPU
	EndGlobalSection
	GlobalSection(SolutionProperties) = preSolution
		HideSolutionNode = FALSE
	EndGlobalSection
	GlobalSection(ExtensibilityGlobals) = postSolution
		SolutionGuid = {7D2A48F3-1BF4-4FCA-8D25-5058655FD7AD}
	EndGlobalSection
EndGlobal
